
Microsoft Visual Studio Solution File, Format Version 12.00
# Visual Studio Version 17
VisualStudioVersion = 17.0.32112.339
MinimumVisualStudioVersion = 10.0.40219.1
Project("{FAE04EC0-301F-11D3-BF4B-00C04F79EFBC}") = "assignment_2", "assignment_2\assignment_2.csproj", "{3112A26A-8AAC-40D3-807F-E4DF03D54E17}"
EndProject
Global
	GlobalSection(SolutionConfigurationPlatforms) = preSolution
		Debug|Any CPU = Debug|Any CPU
		Release|Any CPU = Release|Any CPU
	EndGlobalSection
	GlobalSection(ProjectConfigurationPlatforms) = postSolution
		{3112A26A-8AAC-40D3-807F-E4DF03D54E17}.Debug|Any CPU.ActiveCfg = Debug|Any CPU
		{3112A26A-8AAC-40D3-807F-E4DF03D54E17}.Debug|Any CPU.Build.0 = Debug|Any CPU
		{3112A26A-8AAC-40D3-807F-E4DF03D54E17}.Release|Any CPU.ActiveCfg = Release|Any CPU
		{3112A26A-8AAC-40D3-807F-E4DF03D54E17}.Release|Any CPU.Build.0 = Release|Any CPU
	EndGlobalSection
	GlobalSection(SolutionProperties) = preSolution
		HideSolutionNode = FALSE
	EndGlobalSection
	GlobalSection(ExtensibilityGlobals) = postSolution
		SolutionGuid = {65C659D3-E9B4-4FF2-A75F-0F5F4E16E247}
	EndGlobalSection
EndGlobal
